# This file is automatically @generated by Cargo.
# It is not intended for manual editing.
[[package]]
name = "autocfg"
version = "1.0.0"
source = "registry+https://github.com/rust-lang/crates.io-index"
checksum = "f8aac770f1885fd7e387acedd76065302551364496e46b3dd00860b2f8359b9d"

[[package]]
name = "cc"
version = "1.0.54"
source = "registry+https://github.com/rust-lang/crates.io-index"
checksum = "7bbb73db36c1246e9034e307d0fba23f9a2e251faa47ade70c1bd252220c8311"
dependencies = [
 "jobserver",
]

[[package]]
name = "glob"
version = "0.3.0"
source = "registry+https://github.com/rust-lang/crates.io-index"
checksum = "9b919933a397b79c37e33b77bb2aa3dc8eb6e165ad809e58ff75bc7db2e34574"

[[package]]
name = "jobserver"
version = "0.1.21"
source = "registry+https://github.com/rust-lang/crates.io-index"
checksum = "5c71313ebb9439f74b00d9d2dcec36440beaf57a6aa0623068441dd7cd81a7f2"
dependencies = [
 "libc",
]

[[package]]
name = "libc"
version = "0.2.71"
source = "registry+https://github.com/rust-lang/crates.io-index"
checksum = "9457b06509d27052635f90d6466700c65095fdf75409b3fbdd903e988b886f49"

[[package]]
name = "num-traits"
version = "0.2.11"
source = "registry+https://github.com/rust-lang/crates.io-index"
checksum = "c62be47e61d1842b9170f0fdeec8eba98e60e90e5446449a0545e5152acd7096"
dependencies = [
 "autocfg",
]

[[package]]
name = "once_cell"
version = "1.4.0"
source = "registry+https://github.com/rust-lang/crates.io-index"
checksum = "0b631f7e854af39a1739f401cf34a8a013dfe09eac4fa4dba91e9768bd28168d"

[[package]]
name = "opencv"
version = "0.40.1"
source = "registry+https://github.com/rust-lang/crates.io-index"
checksum = "764b328f3a4a616c864b8794c4e7bfd10550b642888d2c90e7a16b4c47a8180b"
dependencies = [
 "cc",
 "glob",
 "libc",
 "num-traits",
 "once_cell",
 "pkg-config",
 "semver",
 "shlex",
 "vcpkg",
]

[[package]]
name = "pkg-config"
version = "0.3.17"
source = "registry+https://github.com/rust-lang/crates.io-index"
checksum = "05da548ad6865900e60eaba7f589cc0783590a92e940c26953ff81ddbab2d677"

[[package]]
name = "sample_opencv"
version = "0.1.0"
dependencies = [
 "glob",
 "opencv",
]

[[package]]
name = "semver"
version = "0.10.0"
source = "registry+https://github.com/rust-lang/crates.io-index"
checksum = "394cec28fa623e00903caf7ba4fa6fb9a0e260280bb8cdbbba029611108a0190"
dependencies = [
 "semver-parser",
]

[[package]]
name = "semver-parser"
version = "0.7.0"
source = "registry+https://github.com/rust-lang/crates.io-index"
checksum = "388a1df253eca08550bef6c72392cfe7c30914bf41df5269b68cbd6ff8f570a3"

[[package]]
name = "shlex"
version = "0.1.1"
source = "registry+https://github.com/rust-lang/crates.io-index"
checksum = "7fdf1b9db47230893d76faad238fd6097fd6d6a9245cd7a4d90dbd639536bbd2"

[[package]]
name = "vcpkg"
version = "0.2.10"
source = "registry+https://github.com/rust-lang/crates.io-index"
checksum = "6454029bf181f092ad1b853286f23e2c507d8e8194d01d92da4a55c274a5508c"
